// !$*UTF8*$!
{
	archiveVersion = 1;
	classes = {
	};
	objectVersion = 50;
	objects = {

/* Begin PBXBuildFile section */
		042A3B7027720AAF00823F07 /* AppDelegate.swift in Sources */ = {isa = PBXBuildFile; fileRef = 042A3B6F27720AAF00823F07 /* AppDelegate.swift */; };
		042A3B7227720AAF00823F07 /* SceneDelegate.swift in Sources */ = {isa = PBXBuildFile; fileRef = 042A3B7127720AAF00823F07 /* SceneDelegate.swift */; };
		042A3B7427720AAF00823F07 /* TaskViewController.swift in Sources */ = {isa = PBXBuildFile; fileRef = 042A3B7327720AAF00823F07 /* TaskViewController.swift */; };
		042A3B7727720AAF00823F07 /* Main.storyboard in Resources */ = {isa = PBXBuildFile; fileRef = 042A3B7527720AAF00823F07 /* Main.storyboard */; };
		042A3B7A27720AAF00823F07 /* Bucket_List__iOS_Client_Side_.xcdatamodeld in Sources */ = {isa = PBXBuildFile; fileRef = 042A3B7827720AAF00823F07 /* Bucket_List__iOS_Client_Side_.xcdatamodeld */; };
		042A3B7C27720AB300823F07 /* Assets.xcassets in Resources */ = {isa = PBXBuildFile; fileRef = 042A3B7B27720AB300823F07 /* Assets.xcassets */; };
		042A3B7F27720AB300823F07 /* LaunchScreen.storyboard in Resources */ = {isa = PBXBuildFile; fileRef = 042A3B7D27720AB300823F07 /* LaunchScreen.storyboard */; };
		042A3B8727720AD900823F07 /* TaskModel.swift in Sources */ = {isa = PBXBuildFile; fileRef = 042A3B8627720AD900823F07 /* TaskModel.swift */; };
		042A3B8927720BC700823F07 /* DataModel.swift in Sources */ = {isa = PBXBuildFile; fileRef = 042A3B8827720BC700823F07 /* DataModel.swift */; };
		04D9053F2772FEE500EF39C5 /* TaskDelegate.swift in Sources */ = {isa = PBXBuildFile; fileRef = 04D9053E2772FEE500EF39C5 /* TaskDelegate.swift */; };
		04E46DE127724D3C00412336 /* AddTaskViewController.swift in Sources */ = {isa = PBXBuildFile; fileRef = 04E46DE027724D3C00412336 /* AddTaskViewController.swift */; };
/* End PBXBuildFile section */

/* Begin PBXFileReference section */
		042A3B6C27720AAF00823F07 /* Bucket List (iOS Client-Side).app */ = {isa = PBXFileReference; explicitFileType = wrapper.application; includeInIndex = 0; path = "Bucket List (iOS Client-Side).app"; sourceTree = BUILT_PRODUCTS_DIR; };
		042A3B6F27720AAF00823F07 /* AppDelegate.swift */ = {isa = PBXFileReference; lastKnownFileType = sourcecode.swift; path = AppDelegate.swift; sourceTree = "<group>"; };
		042A3B7127720AAF00823F07 /* SceneDelegate.swift */ = {isa = PBXFileReference; lastKnownFileType = sourcecode.swift; path = SceneDelegate.swift; sourceTree = "<group>"; };
		042A3B7327720AAF00823F07 /* TaskViewController.swift */ = {isa = PBXFileReference; lastKnownFileType = sourcecode.swift; path = TaskViewController.swift; sourceTree = "<group>"; };
		042A3B7627720AAF00823F07 /* Base */ = {isa = PBXFileReference; lastKnownFileType = file.storyboard; name = Base; path = Base.lproj/Main.storyboard; sourceTree = "<group>"; };
		042A3B7927720AAF00823F07 /* Bucket_List__iOS_Client_Side_.xcdatamodel */ = {isa = PBXFileReference; lastKnownFileType = wrapper.xcdatamodel; path = Bucket_List__iOS_Client_Side_.xcdatamodel; sourceTree = "<group>"; };
		042A3B7B27720AB300823F07 /* Assets.xcassets */ = {isa = PBXFileReference; lastKnownFileType = folder.assetcatalog; path = Assets.xcassets; sourceTree = "<group>"; };
		042A3B7E27720AB300823F07 /* Base */ = {isa = PBXFileReference; lastKnownFileType = file.storyboard; name = Base; path = Base.lproj/LaunchScreen.storyboard; sourceTree = "<group>"; };
		042A3B8027720AB300823F07 /* Info.plist */ = {isa = PBXFileReference; lastKnownFileType = text.plist.xml; path = Info.plist; sourceTree = "<group>"; };
		042A3B8627720AD900823F07 /* TaskModel.swift */ = {isa = PBXFileReference; lastKnownFileType = sourcecode.swift; path = TaskModel.swift; sourceTree = "<group>"; };
		042A3B8827720BC700823F07 /* DataModel.swift */ = {isa = PBXFileReference; lastKnownFileType = sourcecode.swift; path = DataModel.swift; sourceTree = "<group>"; };
		04D9053E2772FEE500EF39C5 /* TaskDelegate.swift */ = {isa = PBXFileReference; lastKnownFileType = sourcecode.swift; path = TaskDelegate.swift; sourceTree = "<group>"; };
		04E46DE027724D3C00412336 /* AddTaskViewController.swift */ = {isa = PBXFileReference; lastKnownFileType = sourcecode.swift; path = AddTaskViewController.swift; sourceTree = "<group>"; };
/* End PBXFileReference section */

/* Begin PBXFrameworksBuildPhase section */
		042A3B6927720AAF00823F07 /* Frameworks */ = {
			isa = PBXFrameworksBuildPhase;
			buildActionMask = 2147483647;
			files = (
			);
			runOnlyForDeploymentPostprocessing = 0;
		};
/* End PBXFrameworksBuildPhase section */

/* Begin PBXGroup section */
		042A3B6327720AAF00823F07 = {
			isa = PBXGroup;
			children = (
				04D9053E2772FEE500EF39C5 /* TaskDelegate.swift */,
				04E46DE027724D3C00412336 /* AddTaskViewController.swift */,
				042A3B6E27720AAF00823F07 /* Bucket List (iOS Client-Side) */,
				042A3B6D27720AAF00823F07 /* Products */,
			);
			sourceTree = "<group>";
		};
		042A3B6D27720AAF00823F07 /* Products */ = {
			isa = PBXGroup;
			children = (
				042A3B6C27720AAF00823F07 /* Bucket List (iOS Client-Side).app */,
			);
			name = Products;
			sourceTree = "<group>";
		};
		042A3B6E27720AAF00823F07 /* Bucket List (iOS Client-Side) */ = {
			isa = PBXGroup;
			children = (
				042A3B6F27720AAF00823F07 /* AppDelegate.swift */,
				042A3B7127720AAF00823F07 /* SceneDelegate.swift */,
				042A3B7327720AAF00823F07 /* TaskViewController.swift */,
				042A3B7527720AAF00823F07 /* Main.storyboard */,
				042A3B8627720AD900823F07 /* TaskModel.swift */,
				042A3B8827720BC700823F07 /* DataModel.swift */,
				042A3B7B27720AB300823F07 /* Assets.xcassets */,
				042A3B7D27720AB300823F07 /* LaunchScreen.storyboard */,
				042A3B8027720AB300823F07 /* Info.plist */,
				042A3B7827720AAF00823F07 /* Bucket_List__iOS_Client_Side_.xcdatamodeld */,
			);
			path = "Bucket List (iOS Client-Side)";
			sourceTree = "<group>";
		};
/* End PBXGroup section */

/* Begin PBXNativeTarget section */
		042A3B6B27720AAF00823F07 /* Bucket List (iOS Client-Side) */ = {
			isa = PBXNativeTarget;
			buildConfigurationList = 042A3B8327720AB300823F07 /* Build configuration list for PBXNativeTarget "Bucket List (iOS Client-Side)" */;
			buildPhases = (
				042A3B6827720AAF00823F07 /* Sources */,
				042A3B6927720AAF00823F07 /* Frameworks */,
				042A3B6A27720AAF00823F07 /* Resources */,
			);
			buildRules = (
			);
			dependencies = (
			);
			name = "Bucket List (iOS Client-Side)";
			productName = "Bucket List (iOS Client-Side)";
			productReference = 042A3B6C27720AAF00823F07 /* Bucket List (iOS Client-Side).app */;
			productType = "com.apple.product-type.application";
		};
/* End PBXNativeTarget section */

/* Begin PBXProject section */
		042A3B6427720AAF00823F07 /* Project object */ = {
			isa = PBXProject;
			attributes = {
				LastSwiftUpdateCheck = 1250;
				LastUpgradeCheck = 1250;
				TargetAttributes = {
					042A3B6B27720AAF00823F07 = {
						CreatedOnToolsVersion = 12.5.1;
					};
				};
			};
			buildConfigurationList = 042A3B6727720AAF00823F07 /* Build configuration list for PBXProject "Bucket List (iOS Client-Side)" */;
			compatibilityVersion = "Xcode 9.3";
			developmentRegion = en;
			hasScannedForEncodings = 0;
			knownRegions = (
				en,
				Base,
			);
			mainGroup = 042A3B6327720AAF00823F07;
			productRefGroup = 042A3B6D27720AAF00823F07 /* Products */;
			projectDirPath = "";
			projectRoot = "";
			targets = (
				042A3B6B27720AAF00823F07 /* Bucket List (iOS Client-Side) */,
			);
		};
/* End PBXProject section */

/* Begin PBXResourcesBuildPhase section */
		042A3B6A27720AAF00823F07 /* Resources */ = {
			isa = PBXResourcesBuildPhase;
			buildActionMask = 2147483647;
			files = (
				042A3B7F27720AB300823F07 /* LaunchScreen.storyboard in Resources */,
				042A3B7C27720AB300823F07 /* Assets.xcassets in Resources */,
				042A3B7727720AAF00823F07 /* Main.storyboard in Resources */,
			);
			runOnlyForDeploymentPostprocessing = 0;
		};
/* End PBXResourcesBuildPhase section */

/* Begin PBXSourcesBuildPhase section */
		042A3B6827720AAF00823F07 /* Sources */ = {
			isa = PBXSourcesBuildPhase;
			buildActionMask = 2147483647;
			files = (
				042A3B7427720AAF00823F07 /* TaskViewController.swift in Sources */,
				042A3B7A27720AAF00823F07 /* Bucket_List__iOS_Client_Side_.xcdatamodeld in Sources */,
				042A3B8727720AD900823F07 /* TaskModel.swift in Sources */,
				04D9053F2772FEE500EF39C5 /* TaskDelegate.swift in Sources */,
				042A3B7027720AAF00823F07 /* AppDelegate.swift in Sources */,
				042A3B7227720AAF00823F07 /* SceneDelegate.swift in Sources */,
				042A3B8927720BC700823F07 /* DataModel.swift in Sources */,
				04E46DE127724D3C00412336 /* AddTaskViewController.swift in Sources */,
			);
			runOnlyForDeploymentPostprocessing = 0;
		};
/* End PBXSourcesBuildPhase section */

/* Begin PBXVariantGroup section */
		042A3B7527720AAF00823F07 /* Main.storyboard */ = {
			isa = PBXVariantGroup;
			children = (
				042A3B7627720AAF00823F07 /* Base */,
			);
			name = Main.storyboard;
			sourceTree = "<group>";
		};
		042A3B7D27720AB300823F07 /* LaunchScreen.storyboard */ = {
			isa = PBXVariantGroup;
			children = (
				042A3B7E27720AB300823F07 /* Base */,
			);
			name = LaunchScreen.storyboard;
			sourceTree = "<group>";
		};
/* End PBXVariantGroup section */

/* Begin XCBuildConfiguration section */
		042A3B8127720AB300823F07 /* Debug */ = {
			isa = XCBuildConfiguration;
			buildSettings = {
				ALWAYS_SEARCH_USER_PATHS = NO;
				CLANG_ANALYZER_NONNULL = YES;
				CLANG_ANALYZER_NUMBER_OBJECT_CONVERSION = YES_AGGRESSIVE;
				CLANG_CXX_LANGUAGE_STANDARD = "gnu++14";
				CLANG_CXX_LIBRARY = "libc++";
				CLANG_ENABLE_MODULES = YES;
				CLANG_ENABLE_OBJC_ARC = YES;
				CLANG_ENABLE_OBJC_WEAK = YES;
				CLANG_WARN_BLOCK_CAPTURE_AUTORELEASING = YES;
				CLANG_WARN_BOOL_CONVERSION = YES;
				CLANG_WARN_COMMA = YES;
				CLANG_WARN_CONSTANT_CONVERSION = YES;
				CLANG_WARN_DEPRECATED_OBJC_IMPLEMENTATIONS = YES;
				CLANG_WARN_DIRECT_OBJC_ISA_USAGE = YES_ERROR;
				CLANG_WARN_DOCUMENTATION_COMMENTS = YES;
				CLANG_WARN_EMPTY_BODY = YES;
				CLANG_WARN_ENUM_CONVERSION = YES;
				CLANG_WARN_INFINITE_RECURSION = YES;
				CLANG_WARN_INT_CONVERSION = YES;
				CLANG_WARN_NON_LITERAL_NULL_CONVERSION = YES;
				CLANG_WARN_OBJC_IMPLICIT_RETAIN_SELF = YES;
				CLANG_WARN_OBJC_LITERAL_CONVERSION = YES;
				CLANG_WARN_OBJC_ROOT_CLASS = YES_ERROR;
				CLANG_WARN_QUOTED_INCLUDE_IN_FRAMEWORK_HEADER = YES;
				CLANG_WARN_RANGE_LOOP_ANALYSIS = YES;
				CLANG_WARN_STRICT_PROTOTYPES = YES;
				CLANG_WARN_SUSPICIOUS_MOVE = YES;
				CLANG_WARN_UNGUARDED_AVAILABILITY = YES_AGGRESSIVE;
				CLANG_WARN_UNREACHABLE_CODE = YES;
				CLANG_WARN__DUPLICATE_METHOD_MATCH = YES;
				COPY_PHASE_STRIP = NO;
				DEBUG_INFORMATION_FORMAT = dwarf;
				ENABLE_STRICT_OBJC_MSGSEND = YES;
				ENABLE_TESTABILITY = YES;
				GCC_C_LANGUAGE_STANDARD = gnu11;
				GCC_DYNAMIC_NO_PIC = NO;
				GCC_NO_COMMON_BLOCKS = YES;
				GCC_OPTIMIZATION_LEVEL = 0;
				GCC_PREPROCESSOR_DEFINITIONS = (
					"DEBUG=1",
					"$(inherited)",
				);
				GCC_WARN_64_TO_32_BIT_CONVERSION = YES;
				GCC_WARN_ABOUT_RETURN_TYPE = YES_ERROR;
				GCC_WARN_UNDECLARED_SELECTOR = YES;
				GCC_WARN_UNINITIALIZED_AUTOS = YES_AGGRESSIVE;
				GCC_WARN_UNUSED_FUNCTION = YES;
				GCC_WARN_UNUSED_VARIABLE = YES;
				IPHONEOS_DEPLOYMENT_TARGET = 14.5;
				MTL_ENABLE_DEBUG_INFO = INCLUDE_SOURCE;
				MTL_FAST_MATH = YES;
				ONLY_ACTIVE_ARCH = YES;
				SDKROOT = iphoneos;
				SWIFT_ACTIVE_COMPILATION_CONDITIONS = DEBUG;
				SWIFT_OPTIMIZATION_LEVEL = "-Onone";
			};
			name = Debug;
		};
		042A3B8227720AB300823F07 /* Release */ = {
			isa = XCBuildConfiguration;
			buildSettings = {
				ALWAYS_SEARCH_USER_PATHS = NO;
				CLANG_ANALYZER_NONNULL = YES;
				CLANG_ANALYZER_NUMBER_OBJECT_CONVERSION = YES_AGGRESSIVE;
				CLANG_CXX_LANGUAGE_STANDARD = "gnu++14";
				CLANG_CXX_LIBRARY = "libc++";
				CLANG_ENABLE_MODULES = YES;
				CLANG_ENABLE_OBJC_ARC = YES;
				CLANG_ENABLE_OBJC_WEAK = YES;
				CLANG_WARN_BLOCK_CAPTURE_AUTORELEASING = YES;
				CLANG_WARN_BOOL_CONVERSION = YES;
				CLANG_WARN_COMMA = YES;
				CLANG_WARN_CONSTANT_CONVERSION = YES;
				CLANG_WARN_DEPRECATED_OBJC_IMPLEMENTATIONS = YES;
				CLANG_WARN_DIRECT_OBJC_ISA_USAGE = YES_ERROR;
				CLANG_WARN_DOCUMENTATION_COMMENTS = YES;
				CLANG_WARN_EMPTY_BODY = YES;
				CLANG_WARN_ENUM_CONVERSION = YES;
				CLANG_WARN_INFINITE_RECURSION = YES;
				CLANG_WARN_INT_CONVERSION = YES;
				CLANG_WARN_NON_LITERAL_NULL_CONVERSION = YES;
				CLANG_WARN_OBJC_IMPLICIT_RETAIN_SELF = YES;
				CLANG_WARN_OBJC_LITERAL_CONVERSION = YES;
				CLANG_WARN_OBJC_ROOT_CLASS = YES_ERROR;
				CLANG_WARN_QUOTED_INCLUDE_IN_FRAMEWORK_HEADER = YES;
				CLANG_WARN_RANGE_LOOP_ANALYSIS = YES;
				CLANG_WARN_STRICT_PROTOTYPES = YES;
				CLANG_WARN_SUSPICIOUS_MOVE = YES;
				CLANG_WARN_UNGUARDED_AVAILABILITY = YES_AGGRESSIVE;
				CLANG_WARN_UNREACHABLE_CODE = YES;
				CLANG_WARN__DUPLICATE_METHOD_MATCH = YES;
				COPY_PHASE_STRIP = NO;
				DEBUG_INFORMATION_FORMAT = "dwarf-with-dsym";
				ENABLE_NS_ASSERTIONS = NO;
				ENABLE_STRICT_OBJC_MSGSEND = YES;
				GCC_C_LANGUAGE_STANDARD = gnu11;
				GCC_NO_COMMON_BLOCKS = YES;
				GCC_WARN_64_TO_32_BIT_CONVERSION = YES;
				GCC_WARN_ABOUT_RETURN_TYPE = YES_ERROR;
				GCC_WARN_UNDECLARED_SELECTOR = YES;
				GCC_WARN_UNINITIALIZED_AUTOS = YES_AGGRESSIVE;
				GCC_WARN_UNUSED_FUNCTION = YES;
				GCC_WARN_UNUSED_VARIABLE = YES;
				IPHONEOS_DEPLOYMENT_TARGET = 14.5;
				MTL_ENABLE_DEBUG_INFO = NO;
				MTL_FAST_MATH = YES;
				SDKROOT = iphoneos;
				SWIFT_COMPILATION_MODE = wholemodule;
				SWIFT_OPTIMIZATION_LEVEL = "-O";
				VALIDATE_PRODUCT = YES;
			};
			name = Release;
		};
		042A3B8427720AB300823F07 /* Debug */ = {
			isa = XCBuildConfiguration;
			buildSettings = {
				ASSETCATALOG_COMPILER_APPICON_NAME = AppIcon;
				ASSETCATALOG_COMPILER_GLOBAL_ACCENT_COLOR_NAME = AccentColor;
				CODE_SIGN_STYLE = Automatic;
				DEVELOPMENT_TEAM = 7J5FP238Z3;
				INFOPLIST_FILE = "Bucket List (iOS Client-Side)/Info.plist";
				LD_RUNPATH_SEARCH_PATHS = (
					"$(inherited)",
					"@executable_path/Frameworks",
				);
				PRODUCT_BUNDLE_IDENTIFIER = "erotaibi.Bucket-List--iOS-Client-Side-";
				PRODUCT_NAME = "$(TARGET_NAME)";
				SWIFT_VERSION = 5.0;
				TARGETED_DEVICE_FAMILY = "1,2";
			};
			name = Debug;
		};
		042A3B8527720AB300823F07 /* Release */ = {
			isa = XCBuildConfiguration;
			buildSettings = {
				ASSETCATALOG_COMPILER_APPICON_NAME = AppIcon;
				ASSETCATALOG_COMPILER_GLOBAL_ACCENT_COLOR_NAME = AccentColor;
				CODE_SIGN_STYLE = Automatic;
				DEVELOPMENT_TEAM = 7J5FP238Z3;
				INFOPLIST_FILE = "Bucket List (iOS Client-Side)/Info.plist";
				LD_RUNPATH_SEARCH_PATHS = (
					"$(inherited)",
					"@executable_path/Frameworks",
				);
				PRODUCT_BUNDLE_IDENTIFIER = "erotaibi.Bucket-List--iOS-Client-Side-";
				PRODUCT_NAME = "$(TARGET_NAME)";
				SWIFT_VERSION = 5.0;
				TARGETED_DEVICE_FAMILY = "1,2";
			};
			name = Release;
		};
/* End XCBuildConfiguration section */

/* Begin XCConfigurationList section */
		042A3B6727720AAF00823F07 /* Build configuration list for PBXProject "Bucket List (iOS Client-Side)" */ = {
			isa = XCConfigurationList;
			buildConfigurations = (
				042A3B8127720AB300823F07 /* Debug */,
				042A3B8227720AB300823F07 /* Release */,
			);
			defaultConfigurationIsVisible = 0;
			defaultConfigurationName = Release;
		};
		042A3B8327720AB300823F07 /* Build configuration list for PBXNativeTarget "Bucket List (iOS Client-Side)" */ = {
			isa = XCConfigurationList;
			buildConfigurations = (
				042A3B8427720AB300823F07 /* Debug */,
				042A3B8527720AB300823F07 /* Release */,
			);
			defaultConfigurationIsVisible = 0;
			defaultConfigurationName = Release;
		};
/* End XCConfigurationList section */

/* Begin XCVersionGroup section */
		042A3B7827720AAF00823F07 /* Bucket_List__iOS_Client_Side_.xcdatamodeld */ = {
			isa = XCVersionGroup;
			children = (
				042A3B7927720AAF00823F07 /* Bucket_List__iOS_Client_Side_.xcdatamodel */,
			);
			currentVersion = 042A3B7927720AAF00823F07 /* Bucket_List__iOS_Client_Side_.xcdatamodel */;
			path = Bucket_List__iOS_Client_Side_.xcdatamodeld;
			sourceTree = "<group>";
			versionGroupType = wrapper.xcdatamodel;
		};
/* End XCVersionGroup section */
	};
	rootObject = 042A3B6427720AAF00823F07 /* Project object */;
}
